
Microsoft Visual Studio Solution File, Format Version 12.00
# Visual Studio Version 17
VisualStudioVersion = 17.1.32228.430
MinimumVisualStudioVersion = 10.0.40219.1
Project("{FAE04EC0-301F-11D3-BF4B-00C04F79EFBC}") = "PrimeiroProjeto_01", "PrimeiroProjeto\PrimeiroProjeto_01.csproj", "{3EFB4092-08FD-4E56-B29C-9B2576E62355}"
EndProject
Project("{FAE04EC0-301F-11D3-BF4B-00C04F79EFBC}") = "Projeto_02", "Projeto_02\Projeto_02.csproj", "{9F707F90-0210-45C5-9BC6-FBE28F33BC94}"
EndProject
Global
	GlobalSection(SolutionConfigurationPlatforms) = preSolution
		Debug|Any CPU = Debug|Any CPU
		Release|Any CPU = Release|Any CPU
	EndGlobalSection
	GlobalSection(ProjectConfigurationPlatforms) = postSolution
		{3EFB4092-08FD-4E56-B29C-9B2576E62355}.Debug|Any CPU.ActiveCfg = Debug|Any CPU
		{3EFB4092-08FD-4E56-B29C-9B2576E62355}.Debug|Any CPU.Build.0 = Debug|Any CPU
		{3EFB4092-08FD-4E56-B29C-9B2576E62355}.Release|Any CPU.ActiveCfg = Release|Any CPU
		{3EFB4092-08FD-4E56-B29C-9B2576E62355}.Release|Any CPU.Build.0 = Release|Any CPU
		{9F707F90-0210-45C5-9BC6-FBE28F33BC94}.Debug|Any CPU.ActiveCfg = Debug|Any CPU
		{9F707F90-0210-45C5-9BC6-FBE28F33BC94}.Debug|Any CPU.Build.0 = Debug|Any CPU
		{9F707F90-0210-45C5-9BC6-FBE28F33BC94}.Release|Any CPU.ActiveCfg = Release|Any CPU
		{9F707F90-0210-45C5-9BC6-FBE28F33BC94}.Release|Any CPU.Build.0 = Release|Any CPU
	EndGlobalSection
	GlobalSection(SolutionProperties) = preSolution
		HideSolutionNode = FALSE
	EndGlobalSection
	GlobalSection(ExtensibilityGlobals) = postSolution
		SolutionGuid = {2127E10F-EFAB-497E-A597-C886CAA987E6}
	EndGlobalSection
EndGlobal
